
Microsoft Visual Studio Solution File, Format Version 12.00
# Visual Studio 15
VisualStudioVersion = 15.0.28307.168
MinimumVisualStudioVersion = 10.0.40219.1
Project("{8BC9CEB8-8B4A-11D0-8D11-00A0C91BC942}") = "Game-Engine", "Game-Engine.vcxproj", "{5B334BA4-A8FF-4B9A-A149-714254AF331B}"
EndProject
Global
	GlobalSection(SolutionConfigurationPlatforms) = preSolution
		Debug|x64 = Debug|x64
		Debug|x86 = Debug|x86
		Release|x64 = Release|x64
		Release|x86 = Release|x86
	EndGlobalSection
	GlobalSection(ProjectConfigurationPlatforms) = postSolution
		{5B334BA4-A8FF-4B9A-A149-714254AF331B}.Debug|x64.ActiveCfg = Debug|x64
		{5B334BA4-A8FF-4B9A-A149-714254AF331B}.Debug|x64.Build.0 = Debug|x64
		{5B334BA4-A8FF-4B9A-A149-714254AF331B}.Debug|x86.ActiveCfg = Debug|Win32
		{5B334BA4-A8FF-4B9A-A149-714254AF331B}.Debug|x86.Build.0 = Debug|Win32
		{5B334BA4-A8FF-4B9A-A149-714254AF331B}.Release|x64.ActiveCfg = Release|x64
		{5B334BA4-A8FF-4B9A-A149-714254AF331B}.Release|x64.Build.0 = Release|x64
		{5B334BA4-A8FF-4B9A-A149-714254AF331B}.Release|x86.ActiveCfg = Release|Win32
		{5B334BA4-A8FF-4B9A-A149-714254AF331B}.Release|x86.Build.0 = Release|Win32
	EndGlobalSection
	GlobalSection(SolutionProperties) = preSolution
		HideSolutionNode = FALSE
	EndGlobalSection
	GlobalSection(ExtensibilityGlobals) = postSolution
		SolutionGuid = {0106B7B7-D746-4581-A531-07335681D91C}
	EndGlobalSection
EndGlobal
