
Microsoft Visual Studio Solution File, Format Version 12.00
# Visual Studio Version 17
VisualStudioVersion = 17.0.32014.148
MinimumVisualStudioVersion = 10.0.40219.1
Project("{8BC9CEB8-8B4A-11D0-8D11-00A0C91BC942}") = "minige", "minige\minige.vcxproj", "{5B334BA4-A8FF-4B9A-A149-714254AF331B}"
EndProject
Global
	GlobalSection(SolutionConfigurationPlatforms) = preSolution
		Debug|x64 = Debug|x64
	EndGlobalSection
	GlobalSection(ProjectConfigurationPlatforms) = postSolution
		{5B334BA4-A8FF-4B9A-A149-714254AF331B}.Debug|x64.ActiveCfg = Debug|x64
		{5B334BA4-A8FF-4B9A-A149-714254AF331B}.Debug|x64.Build.0 = Debug|x64
	EndGlobalSection
	GlobalSection(SolutionProperties) = preSolution
		HideSolutionNode = FALSE
	EndGlobalSection
	GlobalSection(ExtensibilityGlobals) = postSolution
		SolutionGuid = {0106B7B7-D746-4581-A531-07335681D91C}
	EndGlobalSection
EndGlobal
